
Microsoft Visual Studio Solution File, Format Version 12.00
# Visual Studio Version 16
VisualStudioVersion = 16.0.31112.23
MinimumVisualStudioVersion = 10.0.40219.1
Project("{8BC9CEB8-8B4A-11D0-8D11-00A0C91BC942}") = "Airborne-CPS", "Airborne-CPS.vcxproj", "{82734F7E-BD29-4111-B5F5-9D099CA35788}"
EndProject
Project("{2150E333-8FDC-42A3-9474-1A3956D46DE8}") = "Solution Items", "Solution Items", "{543C91C6-3CFA-496E-8055-2823B7CAD29E}"
EndProject
Global
	GlobalSection(SolutionConfigurationPlatforms) = preSolution
		Debug|x64 = Debug|x64
		Debug|x86 = Debug|x86
		Release|x64 = Release|x64
		Release|x86 = Release|x86
	EndGlobalSection
	GlobalSection(ProjectConfigurationPlatforms) = postSolution
		{82734F7E-BD29-4111-B5F5-9D099CA35788}.Debug|x64.ActiveCfg = Debug|x64
		{82734F7E-BD29-4111-B5F5-9D099CA35788}.Debug|x64.Build.0 = Debug|x64
		{82734F7E-BD29-4111-B5F5-9D099CA35788}.Debug|x86.ActiveCfg = Debug|Win32
		{82734F7E-BD29-4111-B5F5-9D099CA35788}.Debug|x86.Build.0 = Debug|Win32
		{82734F7E-BD29-4111-B5F5-9D099CA35788}.Release|x64.ActiveCfg = Release|x64
		{82734F7E-BD29-4111-B5F5-9D099CA35788}.Release|x64.Build.0 = Release|x64
		{82734F7E-BD29-4111-B5F5-9D099CA35788}.Release|x86.ActiveCfg = Release|Win32
		{82734F7E-BD29-4111-B5F5-9D099CA35788}.Release|x86.Build.0 = Release|Win32
	EndGlobalSection
	GlobalSection(SolutionProperties) = preSolution
		HideSolutionNode = FALSE
	EndGlobalSection
	GlobalSection(ExtensibilityGlobals) = postSolution
		SolutionGuid = {635440B5-AF28-40F9-9853-466A12254051}
	EndGlobalSection
EndGlobal
